
Microsoft Visual Studio Solution File, Format Version 12.00
# Visual Studio 14
VisualStudioVersion = 14.0.23107.0
MinimumVisualStudioVersion = 10.0.40219.1
Project("{8BC9CEB8-8B4A-11D0-8D11-00A0C91BC942}") = "HandsOn", "Handson\Handson.vcxproj", "{690BA645-951C-4111-B707-68AA5629E18B}"
EndProject
Project("{FAE04EC0-301F-11D3-BF4B-00C04F79EFBC}") = "HandsOnSharp", "HandsOnSharp\HandsOnSharp.csproj", "{7A1309CD-0CDA-4724-816C-ECFDFBAF601C}"
EndProject
Project("{F2A71F9B-5D33-465A-A702-920D77279786}") = "HandsonFSharp", "HandsonFSharp\HandsonFSharp.fsproj", "{886E5054-D938-423F-AEB4-4885EC0EBB7D}"
EndProject
Global
	GlobalSection(SolutionConfigurationPlatforms) = preSolution
		Debug|Any CPU = Debug|Any CPU
		Debug|x64 = Debug|x64
		Debug|x86 = Debug|x86
		Release|Any CPU = Release|Any CPU
		Release|x64 = Release|x64
		Release|x86 = Release|x86
	EndGlobalSection
	GlobalSection(ProjectConfigurationPlatforms) = postSolution
		{690BA645-951C-4111-B707-68AA5629E18B}.Debug|Any CPU.ActiveCfg = Debug|Win32
		{690BA645-951C-4111-B707-68AA5629E18B}.Debug|x64.ActiveCfg = Debug|x64
		{690BA645-951C-4111-B707-68AA5629E18B}.Debug|x64.Build.0 = Debug|x64
		{690BA645-951C-4111-B707-68AA5629E18B}.Debug|x86.ActiveCfg = Debug|Win32
		{690BA645-951C-4111-B707-68AA5629E18B}.Debug|x86.Build.0 = Debug|Win32
		{690BA645-951C-4111-B707-68AA5629E18B}.Release|Any CPU.ActiveCfg = Release|Win32
		{690BA645-951C-4111-B707-68AA5629E18B}.Release|x64.ActiveCfg = Release|x64
		{690BA645-951C-4111-B707-68AA5629E18B}.Release|x64.Build.0 = Release|x64
		{690BA645-951C-4111-B707-68AA5629E18B}.Release|x86.ActiveCfg = Release|Win32
		{690BA645-951C-4111-B707-68AA5629E18B}.Release|x86.Build.0 = Release|Win32
		{7A1309CD-0CDA-4724-816C-ECFDFBAF601C}.Debug|Any CPU.ActiveCfg = Debug|Any CPU
		{7A1309CD-0CDA-4724-816C-ECFDFBAF601C}.Debug|Any CPU.Build.0 = Debug|Any CPU
		{7A1309CD-0CDA-4724-816C-ECFDFBAF601C}.Debug|x64.ActiveCfg = Debug|Any CPU
		{7A1309CD-0CDA-4724-816C-ECFDFBAF601C}.Debug|x64.Build.0 = Debug|Any CPU
		{7A1309CD-0CDA-4724-816C-ECFDFBAF601C}.Debug|x86.ActiveCfg = Debug|Any CPU
		{7A1309CD-0CDA-4724-816C-ECFDFBAF601C}.Debug|x86.Build.0 = Debug|Any CPU
		{7A1309CD-0CDA-4724-816C-ECFDFBAF601C}.Release|Any CPU.ActiveCfg = Release|Any CPU
		{7A1309CD-0CDA-4724-816C-ECFDFBAF601C}.Release|Any CPU.Build.0 = Release|Any CPU
		{7A1309CD-0CDA-4724-816C-ECFDFBAF601C}.Release|x64.ActiveCfg = Release|Any CPU
		{7A1309CD-0CDA-4724-816C-ECFDFBAF601C}.Release|x64.Build.0 = Release|Any CPU
		{7A1309CD-0CDA-4724-816C-ECFDFBAF601C}.Release|x86.ActiveCfg = Release|Any CPU
		{7A1309CD-0CDA-4724-816C-ECFDFBAF601C}.Release|x86.Build.0 = Release|Any CPU
		{886E5054-D938-423F-AEB4-4885EC0EBB7D}.Debug|Any CPU.ActiveCfg = Debug|Any CPU
		{886E5054-D938-423F-AEB4-4885EC0EBB7D}.Debug|Any CPU.Build.0 = Debug|Any CPU
		{886E5054-D938-423F-AEB4-4885EC0EBB7D}.Debug|x64.ActiveCfg = Debug|Any CPU
		{886E5054-D938-423F-AEB4-4885EC0EBB7D}.Debug|x64.Build.0 = Debug|Any CPU
		{886E5054-D938-423F-AEB4-4885EC0EBB7D}.Debug|x86.ActiveCfg = Debug|Any CPU
		{886E5054-D938-423F-AEB4-4885EC0EBB7D}.Debug|x86.Build.0 = Debug|Any CPU
		{886E5054-D938-423F-AEB4-4885EC0EBB7D}.Release|Any CPU.ActiveCfg = Release|Any CPU
		{886E5054-D938-423F-AEB4-4885EC0EBB7D}.Release|Any CPU.Build.0 = Release|Any CPU
		{886E5054-D938-423F-AEB4-4885EC0EBB7D}.Release|x64.ActiveCfg = Release|Any CPU
		{886E5054-D938-423F-AEB4-4885EC0EBB7D}.Release|x64.Build.0 = Release|Any CPU
		{886E5054-D938-423F-AEB4-4885EC0EBB7D}.Release|x86.ActiveCfg = Release|Any CPU
		{886E5054-D938-423F-AEB4-4885EC0EBB7D}.Release|x86.Build.0 = Release|Any CPU
	EndGlobalSection
	GlobalSection(SolutionProperties) = preSolution
		HideSolutionNode = FALSE
	EndGlobalSection
EndGlobal
